
Microsoft Visual Studio Solution File, Format Version 12.00
# Visual Studio Version 17
VisualStudioVersion = 17.6.33815.320
MinimumVisualStudioVersion = 10.0.40219.1
Project("{FAE04EC0-301F-11D3-BF4B-00C04F79EFBC}") = "BinanceInfoTelegramBot", "BinanceInfoTelegramBot\BinanceInfoTelegramBot.csproj", "{F3900057-3AB6-4779-9104-64D644B37523}"
EndProject
Global
	GlobalSection(SolutionConfigurationPlatforms) = preSolution
		Debug|Any CPU = Debug|Any CPU
		Release|Any CPU = Release|Any CPU
	EndGlobalSection
	GlobalSection(ProjectConfigurationPlatforms) = postSolution
		{F3900057-3AB6-4779-9104-64D644B37523}.Debug|Any CPU.ActiveCfg = Debug|Any CPU
		{F3900057-3AB6-4779-9104-64D644B37523}.Debug|Any CPU.Build.0 = Debug|Any CPU
		{F3900057-3AB6-4779-9104-64D644B37523}.Release|Any CPU.ActiveCfg = Release|Any CPU
		{F3900057-3AB6-4779-9104-64D644B37523}.Release|Any CPU.Build.0 = Release|Any CPU
	EndGlobalSection
	GlobalSection(SolutionProperties) = preSolution
		HideSolutionNode = FALSE
	EndGlobalSection
	GlobalSection(ExtensibilityGlobals) = postSolution
		SolutionGuid = {114494DA-FEBD-470A-867E-1433AFCCA3B1}
	EndGlobalSection
EndGlobal
